# This file is autogenerated, do not edit; changes may be undone by the next 'dep ensure'.


[[projects]]
  name = "github.com/sourcegraph/go-langserver"
  packages = ["pkg/lsp"]
  revision = "00b99356a4548dba7494a8d10596f7b9e0c2fd91"
  version = "v1.0.0"

[solve-meta]
  analyzer-name = "dep"
  analyzer-version = 1
  inputs-digest = "0c48648ee8914117449029190d236bfcb2b076148208e9fde4d4c51d8f7ce0b9"
  solver-name = "gps-cdcl"
  solver-version = 1
